// !$*UTF8*$!
{
	archiveVersion = 1;
	classes = {
	};
	objectVersion = 50;
	objects = {

/* Begin PBXBuildFile section */
		67ACA0A6A92C79D0B3A97533 /* Pods_LCApp.framework in Frameworks */ = {isa = PBXBuildFile; fileRef = 804C98D58C20D8E7230498F6 /* Pods_LCApp.framework */; };
		DF72C2362172C6CC006AEE0D /* AppDelegate.swift in Sources */ = {isa = PBXBuildFile; fileRef = DF72C2352172C6CC006AEE0D /* AppDelegate.swift */; };
		DF72C2382172C6CC006AEE0D /* ViewController.swift in Sources */ = {isa = PBXBuildFile; fileRef = DF72C2372172C6CC006AEE0D /* ViewController.swift */; };
		DF72C23B2172C6CC006AEE0D /* Main.storyboard in Resources */ = {isa = PBXBuildFile; fileRef = DF72C2392172C6CC006AEE0D /* Main.storyboard */; };
		DF72C23D2172C6CD006AEE0D /* Assets.xcassets in Resources */ = {isa = PBXBuildFile; fileRef = DF72C23C2172C6CD006AEE0D /* Assets.xcassets */; };
		DF72C2402172C6CD006AEE0D /* LaunchScreen.storyboard in Resources */ = {isa = PBXBuildFile; fileRef = DF72C23E2172C6CD006AEE0D /* LaunchScreen.storyboard */; };
/* End PBXBuildFile section */

/* Begin PBXFileReference section */
		12086BAABD3897D5F8EDC074 /* Pods-LCApp.release.xcconfig */ = {isa = PBXFileReference; includeInIndex = 1; lastKnownFileType = text.xcconfig; name = "Pods-LCApp.release.xcconfig"; path = "Pods/Target Support Files/Pods-LCApp/Pods-LCApp.release.xcconfig"; sourceTree = "<group>"; };
		804C98D58C20D8E7230498F6 /* Pods_LCApp.framework */ = {isa = PBXFileReference; explicitFileType = wrapper.framework; includeInIndex = 0; path = Pods_LCApp.framework; sourceTree = BUILT_PRODUCTS_DIR; };
		AD3F25D02BD9471F89A16FD8 /* Pods-LCApp.debug.xcconfig */ = {isa = PBXFileReference; includeInIndex = 1; lastKnownFileType = text.xcconfig; name = "Pods-LCApp.debug.xcconfig"; path = "Pods/Target Support Files/Pods-LCApp/Pods-LCApp.debug.xcconfig"; sourceTree = "<group>"; };
		DF72C2322172C6CC006AEE0D /* LCApp.app */ = {isa = PBXFileReference; explicitFileType = wrapper.application; includeInIndex = 0; path = LCApp.app; sourceTree = BUILT_PRODUCTS_DIR; };
		DF72C2352172C6CC006AEE0D /* AppDelegate.swift */ = {isa = PBXFileReference; lastKnownFileType = sourcecode.swift; path = AppDelegate.swift; sourceTree = "<group>"; };
		DF72C2372172C6CC006AEE0D /* ViewController.swift */ = {isa = PBXFileReference; lastKnownFileType = sourcecode.swift; path = ViewController.swift; sourceTree = "<group>"; };
		DF72C23A2172C6CC006AEE0D /* Base */ = {isa = PBXFileReference; lastKnownFileType = file.storyboard; name = Base; path = Base.lproj/Main.storyboard; sourceTree = "<group>"; };
		DF72C23C2172C6CD006AEE0D /* Assets.xcassets */ = {isa = PBXFileReference; lastKnownFileType = folder.assetcatalog; path = Assets.xcassets; sourceTree = "<group>"; };
		DF72C23F2172C6CD006AEE0D /* Base */ = {isa = PBXFileReference; lastKnownFileType = file.storyboard; name = Base; path = Base.lproj/LaunchScreen.storyboard; sourceTree = "<group>"; };
		DF72C2412172C6CD006AEE0D /* Info.plist */ = {isa = PBXFileReference; lastKnownFileType = text.plist.xml; path = Info.plist; sourceTree = "<group>"; };
/* End PBXFileReference section */

/* Begin PBXFrameworksBuildPhase section */
		DF72C22F2172C6CC006AEE0D /* Frameworks */ = {
			isa = PBXFrameworksBuildPhase;
			buildActionMask = 2147483647;
			files = (
				67ACA0A6A92C79D0B3A97533 /* Pods_LCApp.framework in Frameworks */,
			);
			runOnlyForDeploymentPostprocessing = 0;
		};
/* End PBXFrameworksBuildPhase section */

/* Begin PBXGroup section */
		0894A578A0511FDA7B6C6EC2 /* Pods */ = {
			isa = PBXGroup;
			children = (
				AD3F25D02BD9471F89A16FD8 /* Pods-LCApp.debug.xcconfig */,
				12086BAABD3897D5F8EDC074 /* Pods-LCApp.release.xcconfig */,
			);
			name = Pods;
			sourceTree = "<group>";
		};
		9317E58A3DC337B533F0B371 /* Frameworks */ = {
			isa = PBXGroup;
			children = (
				804C98D58C20D8E7230498F6 /* Pods_LCApp.framework */,
			);
			name = Frameworks;
			sourceTree = "<group>";
		};
		DF72C2292172C6CC006AEE0D = {
			isa = PBXGroup;
			children = (
				DF72C2342172C6CC006AEE0D /* LCApp */,
				DF72C2332172C6CC006AEE0D /* Products */,
				0894A578A0511FDA7B6C6EC2 /* Pods */,
				9317E58A3DC337B533F0B371 /* Frameworks */,
			);
			sourceTree = "<group>";
		};
		DF72C2332172C6CC006AEE0D /* Products */ = {
			isa = PBXGroup;
			children = (
				DF72C2322172C6CC006AEE0D /* LCApp.app */,
			);
			name = Products;
			sourceTree = "<group>";
		};
		DF72C2342172C6CC006AEE0D /* LCApp */ = {
			isa = PBXGroup;
			children = (
				DF72C2352172C6CC006AEE0D /* AppDelegate.swift */,
				DF72C2372172C6CC006AEE0D /* ViewController.swift */,
				DF72C2392172C6CC006AEE0D /* Main.storyboard */,
				DF72C23C2172C6CD006AEE0D /* Assets.xcassets */,
				DF72C23E2172C6CD006AEE0D /* LaunchScreen.storyboard */,
				DF72C2412172C6CD006AEE0D /* Info.plist */,
			);
			path = LCApp;
			sourceTree = "<group>";
		};
/* End PBXGroup section */

/* Begin PBXNativeTarget section */
		DF72C2312172C6CC006AEE0D /* LCApp */ = {
			isa = PBXNativeTarget;
			buildConfigurationList = DF72C2442172C6CD006AEE0D /* Build configuration list for PBXNativeTarget "LCApp" */;
			buildPhases = (
				E29F8ECAACB51F136CA86700 /* [CP] Check Pods Manifest.lock */,
				DF72C22E2172C6CC006AEE0D /* Sources */,
				DF72C22F2172C6CC006AEE0D /* Frameworks */,
				DF72C2302172C6CC006AEE0D /* Resources */,
				EF4778B83F8469DB389312EB /* [CP] Embed Pods Frameworks */,
			);
			buildRules = (
			);
			dependencies = (
			);
			name = LCApp;
			productName = LCApp;
			productReference = DF72C2322172C6CC006AEE0D /* LCApp.app */;
			productType = "com.apple.product-type.application";
		};
/* End PBXNativeTarget section */

/* Begin PBXProject section */
		DF72C22A2172C6CC006AEE0D /* Project object */ = {
			isa = PBXProject;
			attributes = {
				LastSwiftUpdateCheck = 1000;
				LastUpgradeCheck = 1000;
				ORGANIZATIONNAME = "Law Club";
				TargetAttributes = {
					DF72C2312172C6CC006AEE0D = {
						CreatedOnToolsVersion = 10.0;
					};
				};
			};
			buildConfigurationList = DF72C22D2172C6CC006AEE0D /* Build configuration list for PBXProject "LCApp" */;
			compatibilityVersion = "Xcode 9.3";
			developmentRegion = en;
			hasScannedForEncodings = 0;
			knownRegions = (
				en,
				Base,
			);
			mainGroup = DF72C2292172C6CC006AEE0D;
			productRefGroup = DF72C2332172C6CC006AEE0D /* Products */;
			projectDirPath = "";
			projectRoot = "";
			targets = (
				DF72C2312172C6CC006AEE0D /* LCApp */,
			);
		};
/* End PBXProject section */

/* Begin PBXResourcesBuildPhase section */
		DF72C2302172C6CC006AEE0D /* Resources */ = {
			isa = PBXResourcesBuildPhase;
			buildActionMask = 2147483647;
			files = (
				DF72C2402172C6CD006AEE0D /* LaunchScreen.storyboard in Resources */,
				DF72C23D2172C6CD006AEE0D /* Assets.xcassets in Resources */,
				DF72C23B2172C6CC006AEE0D /* Main.storyboard in Resources */,
			);
			runOnlyForDeploymentPostprocessing = 0;
		};
/* End PBXResourcesBuildPhase section */

/* Begin PBXShellScriptBuildPhase section */
		E29F8ECAACB51F136CA86700 /* [CP] Check Pods Manifest.lock */ = {
			isa = PBXShellScriptBuildPhase;
			buildActionMask = 2147483647;
			files = (
			);
			inputPaths = (
				"${PODS_PODFILE_DIR_PATH}/Podfile.lock",
				"${PODS_ROOT}/Manifest.lock",
			);
			name = "[CP] Check Pods Manifest.lock";
			outputPaths = (
				"$(DERIVED_FILE_DIR)/Pods-LCApp-checkManifestLockResult.txt",
			);
			runOnlyForDeploymentPostprocessing = 0;
			shellPath = /bin/sh;
			shellScript = "diff \"${PODS_PODFILE_DIR_PATH}/Podfile.lock\" \"${PODS_ROOT}/Manifest.lock\" > /dev/null\nif [ $? != 0 ] ; then\n    # print error to STDERR\n    echo \"error: The sandbox is not in sync with the Podfile.lock. Run 'pod install' or update your CocoaPods installation.\" >&2\n    exit 1\nfi\n# This output is used by Xcode 'outputs' to avoid re-running this script phase.\necho \"SUCCESS\" > \"${SCRIPT_OUTPUT_FILE_0}\"\n";
			showEnvVarsInLog = 0;
		};
		EF4778B83F8469DB389312EB /* [CP] Embed Pods Frameworks */ = {
			isa = PBXShellScriptBuildPhase;
			buildActionMask = 2147483647;
			files = (
			);
			inputPaths = (
				"${SRCROOT}/Pods/Target Support Files/Pods-LCApp/Pods-LCApp-frameworks.sh",
				"${BUILT_PRODUCTS_DIR}/GTMSessionFetcher/GTMSessionFetcher.framework",
				"${BUILT_PRODUCTS_DIR}/GoogleUtilities/GoogleUtilities.framework",
				"${BUILT_PRODUCTS_DIR}/SideMenu/SideMenu.framework",
				"${BUILT_PRODUCTS_DIR}/leveldb-library/leveldb.framework",
				"${BUILT_PRODUCTS_DIR}/nanopb/nanopb.framework",
			);
			name = "[CP] Embed Pods Frameworks";
			outputPaths = (
				"${TARGET_BUILD_DIR}/${FRAMEWORKS_FOLDER_PATH}/GTMSessionFetcher.framework",
				"${TARGET_BUILD_DIR}/${FRAMEWORKS_FOLDER_PATH}/GoogleUtilities.framework",
				"${TARGET_BUILD_DIR}/${FRAMEWORKS_FOLDER_PATH}/SideMenu.framework",
				"${TARGET_BUILD_DIR}/${FRAMEWORKS_FOLDER_PATH}/leveldb.framework",
				"${TARGET_BUILD_DIR}/${FRAMEWORKS_FOLDER_PATH}/nanopb.framework",
			);
			runOnlyForDeploymentPostprocessing = 0;
			shellPath = /bin/sh;
			shellScript = "\"${SRCROOT}/Pods/Target Support Files/Pods-LCApp/Pods-LCApp-frameworks.sh\"\n";
			showEnvVarsInLog = 0;
		};
/* End PBXShellScriptBuildPhase section */

/* Begin PBXSourcesBuildPhase section */
		DF72C22E2172C6CC006AEE0D /* Sources */ = {
			isa = PBXSourcesBuildPhase;
			buildActionMask = 2147483647;
			files = (
				DF72C2382172C6CC006AEE0D /* ViewController.swift in Sources */,
				DF72C2362172C6CC006AEE0D /* AppDelegate.swift in Sources */,
			);
			runOnlyForDeploymentPostprocessing = 0;
		};
/* End PBXSourcesBuildPhase section */

/* Begin PBXVariantGroup section */
		DF72C2392172C6CC006AEE0D /* Main.storyboard */ = {
			isa = PBXVariantGroup;
			children = (
				DF72C23A2172C6CC006AEE0D /* Base */,
			);
			name = Main.storyboard;
			sourceTree = "<group>";
		};
		DF72C23E2172C6CD006AEE0D /* LaunchScreen.storyboard */ = {
			isa = PBXVariantGroup;
			children = (
				DF72C23F2172C6CD006AEE0D /* Base */,
			);
			name = LaunchScreen.storyboard;
			sourceTree = "<group>";
		};
/* End PBXVariantGroup section */

/* Begin XCBuildConfiguration section */
		DF72C2422172C6CD006AEE0D /* Debug */ = {
			isa = XCBuildConfiguration;
			buildSettings = {
				ALWAYS_SEARCH_USER_PATHS = NO;
				CLANG_ANALYZER_NONNULL = YES;
				CLANG_ANALYZER_NUMBER_OBJECT_CONVERSION = YES_AGGRESSIVE;
				CLANG_CXX_LANGUAGE_STANDARD = "gnu++14";
				CLANG_CXX_LIBRARY = "libc++";
				CLANG_ENABLE_MODULES = YES;
				CLANG_ENABLE_OBJC_ARC = YES;
				CLANG_ENABLE_OBJC_WEAK = YES;
				CLANG_WARN_BLOCK_CAPTURE_AUTORELEASING = YES;
				CLANG_WARN_BOOL_CONVERSION = YES;
				CLANG_WARN_COMMA = YES;
				CLANG_WARN_CONSTANT_CONVERSION = YES;
				CLANG_WARN_DEPRECATED_OBJC_IMPLEMENTATIONS = YES;
				CLANG_WARN_DIRECT_OBJC_ISA_USAGE = YES_ERROR;
				CLANG_WARN_DOCUMENTATION_COMMENTS = YES;
				CLANG_WARN_EMPTY_BODY = YES;
				CLANG_WARN_ENUM_CONVERSION = YES;
				CLANG_WARN_INFINITE_RECURSION = YES;
				CLANG_WARN_INT_CONVERSION = YES;
				CLANG_WARN_NON_LITERAL_NULL_CONVERSION = YES;
				CLANG_WARN_OBJC_IMPLICIT_RETAIN_SELF = YES;
				CLANG_WARN_OBJC_LITERAL_CONVERSION = YES;
				CLANG_WARN_OBJC_ROOT_CLASS = YES_ERROR;
				CLANG_WARN_RANGE_LOOP_ANALYSIS = YES;
				CLANG_WARN_STRICT_PROTOTYPES = YES;
				CLANG_WARN_SUSPICIOUS_MOVE = YES;
				CLANG_WARN_UNGUARDED_AVAILABILITY = YES_AGGRESSIVE;
				CLANG_WARN_UNREACHABLE_CODE = YES;
				CLANG_WARN__DUPLICATE_METHOD_MATCH = YES;
				CODE_SIGN_IDENTITY = "iPhone Developer";
				COPY_PHASE_STRIP = NO;
				DEBUG_INFORMATION_FORMAT = dwarf;
				ENABLE_STRICT_OBJC_MSGSEND = YES;
				ENABLE_TESTABILITY = YES;
				GCC_C_LANGUAGE_STANDARD = gnu11;
				GCC_DYNAMIC_NO_PIC = NO;
				GCC_NO_COMMON_BLOCKS = YES;
				GCC_OPTIMIZATION_LEVEL = 0;
				GCC_PREPROCESSOR_DEFINITIONS = (
					"DEBUG=1",
					"$(inherited)",
				);
				GCC_WARN_64_TO_32_BIT_CONVERSION = YES;
				GCC_WARN_ABOUT_RETURN_TYPE = YES_ERROR;
				GCC_WARN_UNDECLARED_SELECTOR = YES;
				GCC_WARN_UNINITIALIZED_AUTOS = YES_AGGRESSIVE;
				GCC_WARN_UNUSED_FUNCTION = YES;
				GCC_WARN_UNUSED_VARIABLE = YES;
				IPHONEOS_DEPLOYMENT_TARGET = 12.0;
				MTL_ENABLE_DEBUG_INFO = INCLUDE_SOURCE;
				MTL_FAST_MATH = YES;
				ONLY_ACTIVE_ARCH = YES;
				SDKROOT = iphoneos;
				SWIFT_ACTIVE_COMPILATION_CONDITIONS = DEBUG;
				SWIFT_OPTIMIZATION_LEVEL = "-Onone";
			};
			name = Debug;
		};
		DF72C2432172C6CD006AEE0D /* Release */ = {
			isa = XCBuildConfiguration;
			buildSettings = {
				ALWAYS_SEARCH_USER_PATHS = NO;
				CLANG_ANALYZER_NONNULL = YES;
				CLANG_ANALYZER_NUMBER_OBJECT_CONVERSION = YES_AGGRESSIVE;
				CLANG_CXX_LANGUAGE_STANDARD = "gnu++14";
				CLANG_CXX_LIBRARY = "libc++";
				CLANG_ENABLE_MODULES = YES;
				CLANG_ENABLE_OBJC_ARC = YES;
				CLANG_ENABLE_OBJC_WEAK = YES;
				CLANG_WARN_BLOCK_CAPTURE_AUTORELEASING = YES;
				CLANG_WARN_BOOL_CONVERSION = YES;
				CLANG_WARN_COMMA = YES;
				CLANG_WARN_CONSTANT_CONVERSION = YES;
				CLANG_WARN_DEPRECATED_OBJC_IMPLEMENTATIONS = YES;
				CLANG_WARN_DIRECT_OBJC_ISA_USAGE = YES_ERROR;
				CLANG_WARN_DOCUMENTATION_COMMENTS = YES;
				CLANG_WARN_EMPTY_BODY = YES;
				CLANG_WARN_ENUM_CONVERSION = YES;
				CLANG_WARN_INFINITE_RECURSION = YES;
				CLANG_WARN_INT_CONVERSION = YES;
				CLANG_WARN_NON_LITERAL_NULL_CONVERSION = YES;
				CLANG_WARN_OBJC_IMPLICIT_RETAIN_SELF = YES;
				CLANG_WARN_OBJC_LITERAL_CONVERSION = YES;
				CLANG_WARN_OBJC_ROOT_CLASS = YES_ERROR;
				CLANG_WARN_RANGE_LOOP_ANALYSIS = YES;
				CLANG_WARN_STRICT_PROTOTYPES = YES;
				CLANG_WARN_SUSPICIOUS_MOVE = YES;
				CLANG_WARN_UNGUARDED_AVAILABILITY = YES_AGGRESSIVE;
				CLANG_WARN_UNREACHABLE_CODE = YES;
				CLANG_WARN__DUPLICATE_METHOD_MATCH = YES;
				CODE_SIGN_IDENTITY = "iPhone Developer";
				COPY_PHASE_STRIP = NO;
				DEBUG_INFORMATION_FORMAT = "dwarf-with-dsym";
				ENABLE_NS_ASSERTIONS = NO;
				ENABLE_STRICT_OBJC_MSGSEND = YES;
				GCC_C_LANGUAGE_STANDARD = gnu11;
				GCC_NO_COMMON_BLOCKS = YES;
				GCC_WARN_64_TO_32_BIT_CONVERSION = YES;
				GCC_WARN_ABOUT_RETURN_TYPE = YES_ERROR;
				GCC_WARN_UNDECLARED_SELECTOR = YES;
				GCC_WARN_UNINITIALIZED_AUTOS = YES_AGGRESSIVE;
				GCC_WARN_UNUSED_FUNCTION = YES;
				GCC_WARN_UNUSED_VARIABLE = YES;
				IPHONEOS_DEPLOYMENT_TARGET = 12.0;
				MTL_ENABLE_DEBUG_INFO = NO;
				MTL_FAST_MATH = YES;
				SDKROOT = iphoneos;
				SWIFT_COMPILATION_MODE = wholemodule;
				SWIFT_OPTIMIZATION_LEVEL = "-O";
				VALIDATE_PRODUCT = YES;
			};
			name = Release;
		};
		DF72C2452172C6CD006AEE0D /* Debug */ = {
			isa = XCBuildConfiguration;
			baseConfigurationReference = AD3F25D02BD9471F89A16FD8 /* Pods-LCApp.debug.xcconfig */;
			buildSettings = {
				ASSETCATALOG_COMPILER_APPICON_NAME = AppIcon;
				CODE_SIGN_STYLE = Automatic;
				INFOPLIST_FILE = LCApp/Info.plist;
				LD_RUNPATH_SEARCH_PATHS = "$(inherited) @executable_path/Frameworks";
				PRODUCT_BUNDLE_IDENTIFIER = com.LawClub.LCApp;
				PRODUCT_NAME = "$(TARGET_NAME)";
				SWIFT_VERSION = 4.2;
				TARGETED_DEVICE_FAMILY = "1,2";
			};
			name = Debug;
		};
		DF72C2462172C6CD006AEE0D /* Release */ = {
			isa = XCBuildConfiguration;
			baseConfigurationReference = 12086BAABD3897D5F8EDC074 /* Pods-LCApp.release.xcconfig */;
			buildSettings = {
				ASSETCATALOG_COMPILER_APPICON_NAME = AppIcon;
				CODE_SIGN_STYLE = Automatic;
				INFOPLIST_FILE = LCApp/Info.plist;
				LD_RUNPATH_SEARCH_PATHS = "$(inherited) @executable_path/Frameworks";
				PRODUCT_BUNDLE_IDENTIFIER = com.LawClub.LCApp;
				PRODUCT_NAME = "$(TARGET_NAME)";
				SWIFT_VERSION = 4.2;
				TARGETED_DEVICE_FAMILY = "1,2";
			};
			name = Release;
		};
/* End XCBuildConfiguration section */

/* Begin XCConfigurationList section */
		DF72C22D2172C6CC006AEE0D /* Build configuration list for PBXProject "LCApp" */ = {
			isa = XCConfigurationList;
			buildConfigurations = (
				DF72C2422172C6CD006AEE0D /* Debug */,
				DF72C2432172C6CD006AEE0D /* Release */,
			);
			defaultConfigurationIsVisible = 0;
			defaultConfigurationName = Release;
		};
		DF72C2442172C6CD006AEE0D /* Build configuration list for PBXNativeTarget "LCApp" */ = {
			isa = XCConfigurationList;
			buildConfigurations = (
				DF72C2452172C6CD006AEE0D /* Debug */,
				DF72C2462172C6CD006AEE0D /* Release */,
			);
			defaultConfigurationIsVisible = 0;
			defaultConfigurationName = Release;
		};
/* End XCConfigurationList section */
	};
	rootObject = DF72C22A2172C6CC006AEE0D /* Project object */;
}
